
Microsoft Visual Studio Solution File, Format Version 12.00
# Visual Studio 15
VisualStudioVersion = 15.0.28307.489
MinimumVisualStudioVersion = 10.0.40219.1
Project("{9A19103F-16F7-4668-BE54-9A1E7A4F7556}") = "Aulas", "Aulas\Aulas.csproj", "{F8348FA0-E611-4294-9B2A-187E084D19FE}"
EndProject
Project("{9A19103F-16F7-4668-BE54-9A1E7A4F7556}") = "Ex001", "Ex001\Ex001.csproj", "{75E368B7-6D51-42E6-9C18-CDC715BD44C3}"
EndProject
Project("{9A19103F-16F7-4668-BE54-9A1E7A4F7556}") = "Ex002", "Ex002\Ex002.csproj", "{2B5D3DC2-4906-4286-AA4A-1C5D79B3DC96}"
EndProject
Project("{9A19103F-16F7-4668-BE54-9A1E7A4F7556}") = "Ex003", "Ex003\Ex003.csproj", "{D6FCD02E-71E3-44D0-AB90-ED470D6CEE80}"
EndProject
Project("{9A19103F-16F7-4668-BE54-9A1E7A4F7556}") = "Ex004", "Ex004\Ex004.csproj", "{73D56487-763C-40EE-A127-F8F805FBEF6E}"
EndProject
Project("{9A19103F-16F7-4668-BE54-9A1E7A4F7556}") = "Funcoes", "Funcoes\Funcoes.csproj", "{242C35E9-BFC0-416A-9910-8EC1130490EE}"
EndProject
Project("{9A19103F-16F7-4668-BE54-9A1E7A4F7556}") = "FuncoesB", "FuncoesB\FuncoesB.csproj", "{D76DAF1E-2896-4DC5-B5C9-9EEB971D06C4}"
EndProject
Project("{9A19103F-16F7-4668-BE54-9A1E7A4F7556}") = "FuncoesC", "FuncoesC\FuncoesC.csproj", "{CD864108-91FA-4231-8E0D-BEB7B2E7BC0C}"
EndProject
Project("{9A19103F-16F7-4668-BE54-9A1E7A4F7556}") = "Classes", "Classes\Classes.csproj", "{0CDBDBFF-8187-4D8D-80E9-1B75346FA247}"
EndProject
Project("{FAE04EC0-301F-11D3-BF4B-00C04F79EFBC}") = "ESTAGIO", "WF01\ESTAGIO.csproj", "{EBD6147C-40EB-4DB3-89C2-E87335318BE1}"
EndProject
Project("{9A19103F-16F7-4668-BE54-9A1E7A4F7556}") = "ClassesB", "ClassesB\ClassesB.csproj", "{5387A2BB-0A30-4C38-9D46-B8577B2DC01C}"
EndProject
Project("{9A19103F-16F7-4668-BE54-9A1E7A4F7556}") = "ClassesC", "ClassesC\ClassesC.csproj", "{DA334D47-DA0D-42B1-9D2D-6EFA37747368}"
EndProject
Project("{9A19103F-16F7-4668-BE54-9A1E7A4F7556}") = "ClassesD", "ClassesD\ClassesD.csproj", "{CB2F55A6-CC56-4A3B-B790-A9FAAE60C8F8}"
EndProject
Project("{9A19103F-16F7-4668-BE54-9A1E7A4F7556}") = "ClassesE", "ClasseE\ClassesE.csproj", "{001E0D14-DC73-4E87-9FEF-E5C3984E0FFE}"
EndProject
Project("{9A19103F-16F7-4668-BE54-9A1E7A4F7556}") = "ClassesF", "ClassesF\ClassesF.csproj", "{A73BDCE3-6F2B-4B2F-9D44-1A38E4654C9B}"
EndProject
Project("{FAE04EC0-301F-11D3-BF4B-00C04F79EFBC}") = "Forms", "Forms\Forms.csproj", "{3B8B565D-8D4B-4352-9990-5AD390DA676C}"
EndProject
Project("{FAE04EC0-301F-11D3-BF4B-00C04F79EFBC}") = "ElementosAutomaticos", "ElementosAutomaticos\ElementosAutomaticos.csproj", "{74509C26-C4FF-4F13-BAF0-44779122BD2A}"
EndProject
Global
	GlobalSection(SolutionConfigurationPlatforms) = preSolution
		Debug|Any CPU = Debug|Any CPU
		Release|Any CPU = Release|Any CPU
	EndGlobalSection
	GlobalSection(ProjectConfigurationPlatforms) = postSolution
		{F8348FA0-E611-4294-9B2A-187E084D19FE}.Debug|Any CPU.ActiveCfg = Debug|Any CPU
		{F8348FA0-E611-4294-9B2A-187E084D19FE}.Debug|Any CPU.Build.0 = Debug|Any CPU
		{F8348FA0-E611-4294-9B2A-187E084D19FE}.Release|Any CPU.ActiveCfg = Release|Any CPU
		{F8348FA0-E611-4294-9B2A-187E084D19FE}.Release|Any CPU.Build.0 = Release|Any CPU
		{75E368B7-6D51-42E6-9C18-CDC715BD44C3}.Debug|Any CPU.ActiveCfg = Debug|Any CPU
		{75E368B7-6D51-42E6-9C18-CDC715BD44C3}.Debug|Any CPU.Build.0 = Debug|Any CPU
		{75E368B7-6D51-42E6-9C18-CDC715BD44C3}.Release|Any CPU.ActiveCfg = Release|Any CPU
		{75E368B7-6D51-42E6-9C18-CDC715BD44C3}.Release|Any CPU.Build.0 = Release|Any CPU
		{2B5D3DC2-4906-4286-AA4A-1C5D79B3DC96}.Debug|Any CPU.ActiveCfg = Debug|Any CPU
		{2B5D3DC2-4906-4286-AA4A-1C5D79B3DC96}.Debug|Any CPU.Build.0 = Debug|Any CPU
		{2B5D3DC2-4906-4286-AA4A-1C5D79B3DC96}.Release|Any CPU.ActiveCfg = Release|Any CPU
		{2B5D3DC2-4906-4286-AA4A-1C5D79B3DC96}.Release|Any CPU.Build.0 = Release|Any CPU
		{D6FCD02E-71E3-44D0-AB90-ED470D6CEE80}.Debug|Any CPU.ActiveCfg = Debug|Any CPU
		{D6FCD02E-71E3-44D0-AB90-ED470D6CEE80}.Debug|Any CPU.Build.0 = Debug|Any CPU
		{D6FCD02E-71E3-44D0-AB90-ED470D6CEE80}.Release|Any CPU.ActiveCfg = Release|Any CPU
		{D6FCD02E-71E3-44D0-AB90-ED470D6CEE80}.Release|Any CPU.Build.0 = Release|Any CPU
		{73D56487-763C-40EE-A127-F8F805FBEF6E}.Debug|Any CPU.ActiveCfg = Debug|Any CPU
		{73D56487-763C-40EE-A127-F8F805FBEF6E}.Debug|Any CPU.Build.0 = Debug|Any CPU
		{73D56487-763C-40EE-A127-F8F805FBEF6E}.Release|Any CPU.ActiveCfg = Release|Any CPU
		{73D56487-763C-40EE-A127-F8F805FBEF6E}.Release|Any CPU.Build.0 = Release|Any CPU
		{242C35E9-BFC0-416A-9910-8EC1130490EE}.Debug|Any CPU.ActiveCfg = Debug|Any CPU
		{242C35E9-BFC0-416A-9910-8EC1130490EE}.Debug|Any CPU.Build.0 = Debug|Any CPU
		{242C35E9-BFC0-416A-9910-8EC1130490EE}.Release|Any CPU.ActiveCfg = Release|Any CPU
		{242C35E9-BFC0-416A-9910-8EC1130490EE}.Release|Any CPU.Build.0 = Release|Any CPU
		{D76DAF1E-2896-4DC5-B5C9-9EEB971D06C4}.Debug|Any CPU.ActiveCfg = Debug|Any CPU
		{D76DAF1E-2896-4DC5-B5C9-9EEB971D06C4}.Debug|Any CPU.Build.0 = Debug|Any CPU
		{D76DAF1E-2896-4DC5-B5C9-9EEB971D06C4}.Release|Any CPU.ActiveCfg = Release|Any CPU
		{D76DAF1E-2896-4DC5-B5C9-9EEB971D06C4}.Release|Any CPU.Build.0 = Release|Any CPU
		{CD864108-91FA-4231-8E0D-BEB7B2E7BC0C}.Debug|Any CPU.ActiveCfg = Debug|Any CPU
		{CD864108-91FA-4231-8E0D-BEB7B2E7BC0C}.Debug|Any CPU.Build.0 = Debug|Any CPU
		{CD864108-91FA-4231-8E0D-BEB7B2E7BC0C}.Release|Any CPU.ActiveCfg = Release|Any CPU
		{CD864108-91FA-4231-8E0D-BEB7B2E7BC0C}.Release|Any CPU.Build.0 = Release|Any CPU
		{0CDBDBFF-8187-4D8D-80E9-1B75346FA247}.Debug|Any CPU.ActiveCfg = Debug|Any CPU
		{0CDBDBFF-8187-4D8D-80E9-1B75346FA247}.Debug|Any CPU.Build.0 = Debug|Any CPU
		{0CDBDBFF-8187-4D8D-80E9-1B75346FA247}.Release|Any CPU.ActiveCfg = Release|Any CPU
		{0CDBDBFF-8187-4D8D-80E9-1B75346FA247}.Release|Any CPU.Build.0 = Release|Any CPU
		{EBD6147C-40EB-4DB3-89C2-E87335318BE1}.Debug|Any CPU.ActiveCfg = Debug|Any CPU
		{EBD6147C-40EB-4DB3-89C2-E87335318BE1}.Debug|Any CPU.Build.0 = Debug|Any CPU
		{EBD6147C-40EB-4DB3-89C2-E87335318BE1}.Release|Any CPU.ActiveCfg = Release|Any CPU
		{EBD6147C-40EB-4DB3-89C2-E87335318BE1}.Release|Any CPU.Build.0 = Release|Any CPU
		{5387A2BB-0A30-4C38-9D46-B8577B2DC01C}.Debug|Any CPU.ActiveCfg = Debug|Any CPU
		{5387A2BB-0A30-4C38-9D46-B8577B2DC01C}.Debug|Any CPU.Build.0 = Debug|Any CPU
		{5387A2BB-0A30-4C38-9D46-B8577B2DC01C}.Release|Any CPU.ActiveCfg = Release|Any CPU
		{5387A2BB-0A30-4C38-9D46-B8577B2DC01C}.Release|Any CPU.Build.0 = Release|Any CPU
		{DA334D47-DA0D-42B1-9D2D-6EFA37747368}.Debug|Any CPU.ActiveCfg = Debug|Any CPU
		{DA334D47-DA0D-42B1-9D2D-6EFA37747368}.Debug|Any CPU.Build.0 = Debug|Any CPU
		{DA334D47-DA0D-42B1-9D2D-6EFA37747368}.Release|Any CPU.ActiveCfg = Release|Any CPU
		{DA334D47-DA0D-42B1-9D2D-6EFA37747368}.Release|Any CPU.Build.0 = Release|Any CPU
		{CB2F55A6-CC56-4A3B-B790-A9FAAE60C8F8}.Debug|Any CPU.ActiveCfg = Debug|Any CPU
		{CB2F55A6-CC56-4A3B-B790-A9FAAE60C8F8}.Debug|Any CPU.Build.0 = Debug|Any CPU
		{CB2F55A6-CC56-4A3B-B790-A9FAAE60C8F8}.Release|Any CPU.ActiveCfg = Release|Any CPU
		{CB2F55A6-CC56-4A3B-B790-A9FAAE60C8F8}.Release|Any CPU.Build.0 = Release|Any CPU
		{001E0D14-DC73-4E87-9FEF-E5C3984E0FFE}.Debug|Any CPU.ActiveCfg = Debug|Any CPU
		{001E0D14-DC73-4E87-9FEF-E5C3984E0FFE}.Debug|Any CPU.Build.0 = Debug|Any CPU
		{001E0D14-DC73-4E87-9FEF-E5C3984E0FFE}.Release|Any CPU.ActiveCfg = Release|Any CPU
		{001E0D14-DC73-4E87-9FEF-E5C3984E0FFE}.Release|Any CPU.Build.0 = Release|Any CPU
		{A73BDCE3-6F2B-4B2F-9D44-1A38E4654C9B}.Debug|Any CPU.ActiveCfg = Debug|Any CPU
		{A73BDCE3-6F2B-4B2F-9D44-1A38E4654C9B}.Debug|Any CPU.Build.0 = Debug|Any CPU
		{A73BDCE3-6F2B-4B2F-9D44-1A38E4654C9B}.Release|Any CPU.ActiveCfg = Release|Any CPU
		{A73BDCE3-6F2B-4B2F-9D44-1A38E4654C9B}.Release|Any CPU.Build.0 = Release|Any CPU
		{3B8B565D-8D4B-4352-9990-5AD390DA676C}.Debug|Any CPU.ActiveCfg = Debug|Any CPU
		{3B8B565D-8D4B-4352-9990-5AD390DA676C}.Debug|Any CPU.Build.0 = Debug|Any CPU
		{3B8B565D-8D4B-4352-9990-5AD390DA676C}.Release|Any CPU.ActiveCfg = Release|Any CPU
		{3B8B565D-8D4B-4352-9990-5AD390DA676C}.Release|Any CPU.Build.0 = Release|Any CPU
		{74509C26-C4FF-4F13-BAF0-44779122BD2A}.Debug|Any CPU.ActiveCfg = Debug|Any CPU
		{74509C26-C4FF-4F13-BAF0-44779122BD2A}.Debug|Any CPU.Build.0 = Debug|Any CPU
		{74509C26-C4FF-4F13-BAF0-44779122BD2A}.Release|Any CPU.ActiveCfg = Release|Any CPU
		{74509C26-C4FF-4F13-BAF0-44779122BD2A}.Release|Any CPU.Build.0 = Release|Any CPU
	EndGlobalSection
	GlobalSection(SolutionProperties) = preSolution
		HideSolutionNode = FALSE
	EndGlobalSection
	GlobalSection(ExtensibilityGlobals) = postSolution
		SolutionGuid = {160CE71F-C4D8-4909-8B72-6AACBC82DF8A}
	EndGlobalSection
EndGlobal
